
Microsoft Visual Studio Solution File, Format Version 12.00
# Visual Studio 15
Project("{FAE04EC0-301F-11D3-BF4B-00C04F79EFBC}") = "Assembly-CSharp", "Assembly-CSharp.csproj", "{8ADE6DD8-4108-27E2-0F20-ADA40F8EDC71}"
EndProject
Project("{FAE04EC0-301F-11D3-BF4B-00C04F79EFBC}") = "Assembly-CSharp-Editor", "Assembly-CSharp-Editor.csproj", "{7D90B22B-A04A-F6CC-9907-0B95D197B929}"
EndProject
Global
	GlobalSection(SolutionConfigurationPlatforms) = preSolution
		Debug|Any CPU = Debug|Any CPU
		Release|Any CPU = Release|Any CPU
	EndGlobalSection
	GlobalSection(ProjectConfigurationPlatforms) = postSolution
		{8ADE6DD8-4108-27E2-0F20-ADA40F8EDC71}.Debug|Any CPU.ActiveCfg = Debug|Any CPU
		{8ADE6DD8-4108-27E2-0F20-ADA40F8EDC71}.Debug|Any CPU.Build.0 = Debug|Any CPU
		{8ADE6DD8-4108-27E2-0F20-ADA40F8EDC71}.Release|Any CPU.ActiveCfg = Release|Any CPU
		{8ADE6DD8-4108-27E2-0F20-ADA40F8EDC71}.Release|Any CPU.Build.0 = Release|Any CPU
		{7D90B22B-A04A-F6CC-9907-0B95D197B929}.Debug|Any CPU.ActiveCfg = Debug|Any CPU
		{7D90B22B-A04A-F6CC-9907-0B95D197B929}.Debug|Any CPU.Build.0 = Debug|Any CPU
		{7D90B22B-A04A-F6CC-9907-0B95D197B929}.Release|Any CPU.ActiveCfg = Release|Any CPU
		{7D90B22B-A04A-F6CC-9907-0B95D197B929}.Release|Any CPU.Build.0 = Release|Any CPU
	EndGlobalSection
	GlobalSection(SolutionProperties) = preSolution
		HideSolutionNode = FALSE
	EndGlobalSection
EndGlobal
